// !$*UTF8*$!
{
	archiveVersion = 1;
	classes = {
	};
	objectVersion = 50;
	objects = {

/* Begin PBXBuildFile section */
		0D141AA72235408000CB6FF0 /* Graph.swift in Sources */ = {isa = PBXBuildFile; fileRef = 0D141AA62235408000CB6FF0 /* Graph.swift */; };
		0D141AA92235409500CB6FF0 /* GraphPlot.swift in Sources */ = {isa = PBXBuildFile; fileRef = 0D141AA82235409500CB6FF0 /* GraphPlot.swift */; };
		0D141ABB2235476F00CB6FF0 /* AppDelegate.swift in Sources */ = {isa = PBXBuildFile; fileRef = 0D141ABA2235476F00CB6FF0 /* AppDelegate.swift */; };
		0D141ABD2235476F00CB6FF0 /* GraphVC.swift in Sources */ = {isa = PBXBuildFile; fileRef = 0D141ABC2235476F00CB6FF0 /* GraphVC.swift */; };
		0D141AC02235476F00CB6FF0 /* Graph.storyboard in Resources */ = {isa = PBXBuildFile; fileRef = 0D141ABE2235476F00CB6FF0 /* Graph.storyboard */; };
		0D141AC22235477100CB6FF0 /* Assets.xcassets in Resources */ = {isa = PBXBuildFile; fileRef = 0D141AC12235477100CB6FF0 /* Assets.xcassets */; };
		0D141AC52235477100CB6FF0 /* LaunchScreen.storyboard in Resources */ = {isa = PBXBuildFile; fileRef = 0D141AC32235477100CB6FF0 /* LaunchScreen.storyboard */; };
		0D141AD02235477100CB6FF0 /* APLineGraph_ExampleTests.swift in Sources */ = {isa = PBXBuildFile; fileRef = 0D141ACF2235477100CB6FF0 /* APLineGraph_ExampleTests.swift */; };
		0D141ADB2235477100CB6FF0 /* APLineGraph_ExampleUITests.swift in Sources */ = {isa = PBXBuildFile; fileRef = 0D141ADA2235477100CB6FF0 /* APLineGraph_ExampleUITests.swift */; };
		0D141AE62235478B00CB6FF0 /* APLineGraph.framework in Frameworks */ = {isa = PBXBuildFile; fileRef = E202681322117D03004CC28A /* APLineGraph.framework */; };
		0D141AE72235478B00CB6FF0 /* APLineGraph.framework in Embed Frameworks */ = {isa = PBXBuildFile; fileRef = E202681322117D03004CC28A /* APLineGraph.framework */; settings = {ATTRIBUTES = (CodeSignOnCopy, RemoveHeadersOnCopy, ); }; };
		0DB88A0D223D8078002B9F7D /* GraphVerticalAxisRegionDivideMode.swift in Sources */ = {isa = PBXBuildFile; fileRef = 0DB88A0C223D8078002B9F7D /* GraphVerticalAxisRegionDivideMode.swift */; };
		0DB88A10223D8D4D002B9F7D /* GraphVerticalAxis.swift in Sources */ = {isa = PBXBuildFile; fileRef = 0DB88A0F223D8D4D002B9F7D /* GraphVerticalAxis.swift */; };
		0DB88A12223D8D5A002B9F7D /* GraphHorizontalAxis.swift in Sources */ = {isa = PBXBuildFile; fileRef = 0DB88A11223D8D5A002B9F7D /* GraphHorizontalAxis.swift */; };
		0DB88A14223D90F4002B9F7D /* GraphMinMaxRange.swift in Sources */ = {isa = PBXBuildFile; fileRef = 0DB88A13223D90F4002B9F7D /* GraphMinMaxRange.swift */; };
		0DB88A1E223DAB46002B9F7D /* GraphSelection.storyboard in Resources */ = {isa = PBXBuildFile; fileRef = 0DB88A18223DAB46002B9F7D /* GraphSelection.storyboard */; };
		0DB88A1F223DAB46002B9F7D /* GraphSelectionCellVM.swift in Sources */ = {isa = PBXBuildFile; fileRef = 0DB88A19223DAB46002B9F7D /* GraphSelectionCellVM.swift */; };
		0DB88A20223DAB46002B9F7D /* GraphSelectionVM.swift in Sources */ = {isa = PBXBuildFile; fileRef = 0DB88A1A223DAB46002B9F7D /* GraphSelectionVM.swift */; };
		0DB88A21223DAB46002B9F7D /* GraphSelectionCell.swift in Sources */ = {isa = PBXBuildFile; fileRef = 0DB88A1B223DAB46002B9F7D /* GraphSelectionCell.swift */; };
		0DB88A22223DAB46002B9F7D /* GraphSelectionVC.swift in Sources */ = {isa = PBXBuildFile; fileRef = 0DB88A1C223DAB46002B9F7D /* GraphSelectionVC.swift */; };
		0DB88A23223DAB46002B9F7D /* GraphSelectionCell.xib in Resources */ = {isa = PBXBuildFile; fileRef = 0DB88A1D223DAB46002B9F7D /* GraphSelectionCell.xib */; };
		0DB88A25223DADC3002B9F7D /* UITableView+Utils.swift in Sources */ = {isa = PBXBuildFile; fileRef = 0DB88A24223DADC3002B9F7D /* UITableView+Utils.swift */; };
		0DB88A27223DB8F5002B9F7D /* NSLayoutConstraint+Utils.swift in Sources */ = {isa = PBXBuildFile; fileRef = 0DB88A26223DB8F5002B9F7D /* NSLayoutConstraint+Utils.swift */; };
		0DB88A2A223DBA9B002B9F7D /* SelfResizableTableView.swift in Sources */ = {isa = PBXBuildFile; fileRef = 0DB88A29223DBA9B002B9F7D /* SelfResizableTableView.swift */; };
		0DB88A2D223DBCD1002B9F7D /* TableView.swift in Sources */ = {isa = PBXBuildFile; fileRef = 0DB88A2B223DBCD1002B9F7D /* TableView.swift */; };
		0DB88A2E223DBCD1002B9F7D /* ScrollView.swift in Sources */ = {isa = PBXBuildFile; fileRef = 0DB88A2C223DBCD1002B9F7D /* ScrollView.swift */; };
		0DB88A36223DBFD4002B9F7D /* GraphPlotSelectionCellVM.swift in Sources */ = {isa = PBXBuildFile; fileRef = 0DB88A30223DBFD4002B9F7D /* GraphPlotSelectionCellVM.swift */; };
		0DB88A38223DBFD4002B9F7D /* GraphPlotSelectionCell.swift in Sources */ = {isa = PBXBuildFile; fileRef = 0DB88A32223DBFD4002B9F7D /* GraphPlotSelectionCell.swift */; };
		0DB88A3B223DBFD4002B9F7D /* GraphPlotSelectionCell.xib in Resources */ = {isa = PBXBuildFile; fileRef = 0DB88A35223DBFD4002B9F7D /* GraphPlotSelectionCell.xib */; };
		0DB88A42223E6E36002B9F7D /* Instantiatable.swift in Sources */ = {isa = PBXBuildFile; fileRef = 0DB88A41223E6E36002B9F7D /* Instantiatable.swift */; };
		0DB88A43223E6E53002B9F7D /* GraphInspectionView.swift in Sources */ = {isa = PBXBuildFile; fileRef = 0DB88A3D223E6DEC002B9F7D /* GraphInspectionView.swift */; };
		0DB88A46223E6E8C002B9F7D /* GraphInspectionVM.swift in Sources */ = {isa = PBXBuildFile; fileRef = 0DB88A45223E6E8C002B9F7D /* GraphInspectionVM.swift */; };
		0DB88A4A223E72C2002B9F7D /* ClassName.swift in Sources */ = {isa = PBXBuildFile; fileRef = 0DB88A49223E72C2002B9F7D /* ClassName.swift */; };
		0DB88A4C223E73E7002B9F7D /* ReuseController.swift in Sources */ = {isa = PBXBuildFile; fileRef = 0DB88A4B223E73E7002B9F7D /* ReuseController.swift */; };
		0DB88A4D223E80D5002B9F7D /* GraphInspectionView.xib in Resources */ = {isa = PBXBuildFile; fileRef = 0DB88A3E223E6DEC002B9F7D /* GraphInspectionView.xib */; };
		0DB88A50223E9FBA002B9F7D /* AppearanceManager.swift in Sources */ = {isa = PBXBuildFile; fileRef = 0DB88A4F223E9FBA002B9F7D /* AppearanceManager.swift */; };
		0DB88A53223E9FF6002B9F7D /* AppearanceManagerStyle.swift in Sources */ = {isa = PBXBuildFile; fileRef = 0DB88A52223E9FF6002B9F7D /* AppearanceManagerStyle.swift */; };
		0DB88A55223EA3D2002B9F7D /* UILabel+Style.swift in Sources */ = {isa = PBXBuildFile; fileRef = 0DB88A54223EA3D2002B9F7D /* UILabel+Style.swift */; };
		0DB88A58223EA994002B9F7D /* UIView+Style.swift in Sources */ = {isa = PBXBuildFile; fileRef = 0DB88A57223EA994002B9F7D /* UIView+Style.swift */; };
		0DB88A5A223EA9C9002B9F7D /* UITableView+Style.swift in Sources */ = {isa = PBXBuildFile; fileRef = 0DB88A59223EA9C9002B9F7D /* UITableView+Style.swift */; };
		0DB88A5F223EAD05002B9F7D /* GraphConfiguration.swift in Sources */ = {isa = PBXBuildFile; fileRef = 0DB88A5B223EACD6002B9F7D /* GraphConfiguration.swift */; };
		0DB88A61223EAD59002B9F7D /* Assets.xcassets in Resources */ = {isa = PBXBuildFile; fileRef = 0DB88A60223EAD59002B9F7D /* Assets.xcassets */; };
		0DB88A63223EAE9E002B9F7D /* Bundle+Utils.swift in Sources */ = {isa = PBXBuildFile; fileRef = 0DB88A62223EAE9E002B9F7D /* Bundle+Utils.swift */; };
		0DB88A65223ECF00002B9F7D /* ValuesFormatter.swift in Sources */ = {isa = PBXBuildFile; fileRef = 0DB88A64223ECF00002B9F7D /* ValuesFormatter.swift */; };
		0DB88A68223ECFEF002B9F7D /* ValuesFormatterStyle.swift in Sources */ = {isa = PBXBuildFile; fileRef = 0DB88A67223ECFEF002B9F7D /* ValuesFormatterStyle.swift */; };
		0DB88A6C22403EE8002B9F7D /* CGPoint+Utils.swift in Sources */ = {isa = PBXBuildFile; fileRef = 0DB88A6B22403EE8002B9F7D /* CGPoint+Utils.swift */; };
		0DB88A6E22405399002B9F7D /* CALayer+Utils.swift in Sources */ = {isa = PBXBuildFile; fileRef = 0DB88A6D22405399002B9F7D /* CALayer+Utils.swift */; };
		0DCE43CA2237282600CB4929 /* RangeControlVM.swift in Sources */ = {isa = PBXBuildFile; fileRef = 0DCE43C72237282600CB4929 /* RangeControlVM.swift */; };
		0DCE43CB2237282600CB4929 /* RangeControlViewContentView.xib in Resources */ = {isa = PBXBuildFile; fileRef = 0DCE43C82237282600CB4929 /* RangeControlViewContentView.xib */; };
		0DCE43CC2237282600CB4929 /* RangeControlView.swift in Sources */ = {isa = PBXBuildFile; fileRef = 0DCE43C92237282600CB4929 /* RangeControlView.swift */; };
		0DCE43CE22372E7E00CB4929 /* RangeControlViewAction.swift in Sources */ = {isa = PBXBuildFile; fileRef = 0DCE43CD22372E7E00CB4929 /* RangeControlViewAction.swift */; };
		0DCE43D0223734A200CB4929 /* CGFloat+Utils.swift in Sources */ = {isa = PBXBuildFile; fileRef = 0DCE43CF223734A200CB4929 /* CGFloat+Utils.swift */; };
		0DCE43D7223D2DCE00CB4929 /* GraphAxis.swift in Sources */ = {isa = PBXBuildFile; fileRef = 0DCE43D6223D2DCE00CB4929 /* GraphAxis.swift */; };
		0DCE43DC223D3E0700CB4929 /* TimeZone+Utils.swift in Sources */ = {isa = PBXBuildFile; fileRef = 0DCE43DB223D3E0700CB4929 /* TimeZone+Utils.swift */; };
		0DCE43DE223D48CA00CB4929 /* String+Utils.swift in Sources */ = {isa = PBXBuildFile; fileRef = 0DCE43DD223D48CA00CB4929 /* String+Utils.swift */; };
		0DE2D75622354B86007BD043 /* Array+Utils.swift in Sources */ = {isa = PBXBuildFile; fileRef = 0DE2D75522354B86007BD043 /* Array+Utils.swift */; };
		0DE2D75822354C2A007BD043 /* GraphPlotPoint.swift in Sources */ = {isa = PBXBuildFile; fileRef = 0DE2D75722354C2A007BD043 /* GraphPlotPoint.swift */; };
		0DE2D75A22354DD1007BD043 /* Collection+Utils.swift in Sources */ = {isa = PBXBuildFile; fileRef = 0DE2D75922354DD1007BD043 /* Collection+Utils.swift */; };
		0DE2D76C223556A0007BD043 /* GraphVM.swift in Sources */ = {isa = PBXBuildFile; fileRef = 0DE2D76B223556A0007BD043 /* GraphVM.swift */; };
		0DE2D77022355B07007BD043 /* ColumnEntry.swift in Sources */ = {isa = PBXBuildFile; fileRef = 0DE2D76F22355B07007BD043 /* ColumnEntry.swift */; };
		0DE2D77122355CE7007BD043 /* GraphModel.swift in Sources */ = {isa = PBXBuildFile; fileRef = 0DE2D76622355515007BD043 /* GraphModel.swift */; };
		0DE2D77222355CED007BD043 /* chart_data.json in Resources */ = {isa = PBXBuildFile; fileRef = 0DE2D75B22355256007BD043 /* chart_data.json */; };
		0DE2D77322355CF1007BD043 /* DataSource.swift in Sources */ = {isa = PBXBuildFile; fileRef = 0DE2D75F223552C0007BD043 /* DataSource.swift */; };
		0DE2D77522355D40007BD043 /* GraphEntryType.swift in Sources */ = {isa = PBXBuildFile; fileRef = 0DE2D77422355D40007BD043 /* GraphEntryType.swift */; };
		0DE2D77C22355FCD007BD043 /* UIColor+Utils.swift in Sources */ = {isa = PBXBuildFile; fileRef = 0DE2D77B22355FCD007BD043 /* UIColor+Utils.swift */; };
		0DE2D77D22356270007BD043 /* Constants.swift in Sources */ = {isa = PBXBuildFile; fileRef = 0DE2D76222355312007BD043 /* Constants.swift */; };
		0DE2D77F2235629C007BD043 /* Data+Utils.swift in Sources */ = {isa = PBXBuildFile; fileRef = 0DE2D7642235546E007BD043 /* Data+Utils.swift */; };
		0DE2D781223562CE007BD043 /* JSONDecoder+Utils.swift in Sources */ = {isa = PBXBuildFile; fileRef = 0DE2D768223555A2007BD043 /* JSONDecoder+Utils.swift */; };
		0DE2D7822235665A007BD043 /* Dictionary+Utils.swift in Sources */ = {isa = PBXBuildFile; fileRef = 0DE2D77822355F1A007BD043 /* Dictionary+Utils.swift */; };
		0DE2D78422356685007BD043 /* Array+Utils.swift in Sources */ = {isa = PBXBuildFile; fileRef = 0DE2D78322356685007BD043 /* Array+Utils.swift */; };
		0DE2D7882235696C007BD043 /* GraphEntry.swift in Sources */ = {isa = PBXBuildFile; fileRef = 0DE2D7872235696C007BD043 /* GraphEntry.swift */; };
		0DE2D78A22357D31007BD043 /* Date+Utils.swift in Sources */ = {isa = PBXBuildFile; fileRef = 0DE2D78922357D31007BD043 /* Date+Utils.swift */; };
		0DE2D78C2235920E007BD043 /* UIView+Utils.swift in Sources */ = {isa = PBXBuildFile; fileRef = 0DE2D78B2235920E007BD043 /* UIView+Utils.swift */; };
		0DE2D78E2235A2C4007BD043 /* Globals.swift in Sources */ = {isa = PBXBuildFile; fileRef = 0DE2D78D2235A2C4007BD043 /* Globals.swift */; };
		0DE2D7912235B44A007BD043 /* UIView+Utils.swift in Sources */ = {isa = PBXBuildFile; fileRef = 0DE2D78F2235B446007BD043 /* UIView+Utils.swift */; };
		0DE2D7942235BFEB007BD043 /* Constants.swift in Sources */ = {isa = PBXBuildFile; fileRef = 0DE2D7932235BFCF007BD043 /* Constants.swift */; };
		0DE2D79A2235C59B007BD043 /* Double+Utils.swift in Sources */ = {isa = PBXBuildFile; fileRef = 0DE2D7952235C0A4007BD043 /* Double+Utils.swift */; };
		0DE2D79C22370D50007BD043 /* CGFloat+Utils.swift in Sources */ = {isa = PBXBuildFile; fileRef = 0DE2D79B22370D50007BD043 /* CGFloat+Utils.swift */; };
		0DE2D79E22370EC7007BD043 /* GraphRelativeRange.swift in Sources */ = {isa = PBXBuildFile; fileRef = 0DE2D79D22370EC7007BD043 /* GraphRelativeRange.swift */; };
		0DE2D7A022371A40007BD043 /* Int+Utils.swift in Sources */ = {isa = PBXBuildFile; fileRef = 0DE2D79F22371A40007BD043 /* Int+Utils.swift */; };
		0DE2D7AA22372764007BD043 /* Instantiatable.swift in Sources */ = {isa = PBXBuildFile; fileRef = 0DE2D7A922372764007BD043 /* Instantiatable.swift */; };
		0DE2D7AC2237278C007BD043 /* ClassName.swift in Sources */ = {isa = PBXBuildFile; fileRef = 0DE2D7AB2237278C007BD043 /* ClassName.swift */; };
/* End PBXBuildFile section */

/* Begin PBXContainerItemProxy section */
		0D141ACC2235477100CB6FF0 /* PBXContainerItemProxy */ = {
			isa = PBXContainerItemProxy;
			containerPortal = E202680A22117D03004CC28A /* Project object */;
			proxyType = 1;
			remoteGlobalIDString = 0D141AB72235476F00CB6FF0;
			remoteInfo = "APLineGraph-Example";
		};
		0D141AD72235477100CB6FF0 /* PBXContainerItemProxy */ = {
			isa = PBXContainerItemProxy;
			containerPortal = E202680A22117D03004CC28A /* Project object */;
			proxyType = 1;
			remoteGlobalIDString = 0D141AB72235476F00CB6FF0;
			remoteInfo = "APLineGraph-Example";
		};
		0D141AE82235478B00CB6FF0 /* PBXContainerItemProxy */ = {
			isa = PBXContainerItemProxy;
			containerPortal = E202680A22117D03004CC28A /* Project object */;
			proxyType = 1;
			remoteGlobalIDString = E202681222117D03004CC28A;
			remoteInfo = APLineGraph;
		};
/* End PBXContainerItemProxy section */

/* Begin PBXCopyFilesBuildPhase section */
		0D141AEA2235478B00CB6FF0 /* Embed Frameworks */ = {
			isa = PBXCopyFilesBuildPhase;
			buildActionMask = 2147483647;
			dstPath = "";
			dstSubfolderSpec = 10;
			files = (
				0D141AE72235478B00CB6FF0 /* APLineGraph.framework in Embed Frameworks */,
			);
			name = "Embed Frameworks";
			runOnlyForDeploymentPostprocessing = 0;
		};
/* End PBXCopyFilesBuildPhase section */

/* Begin PBXFileReference section */
		0D141AA62235408000CB6FF0 /* Graph.swift */ = {isa = PBXFileReference; lastKnownFileType = sourcecode.swift; path = Graph.swift; sourceTree = "<group>"; };
		0D141AA82235409500CB6FF0 /* GraphPlot.swift */ = {isa = PBXFileReference; lastKnownFileType = sourcecode.swift; path = GraphPlot.swift; sourceTree = "<group>"; };
		0D141AB82235476F00CB6FF0 /* APLineGraph-Example.app */ = {isa = PBXFileReference; explicitFileType = wrapper.application; includeInIndex = 0; path = "APLineGraph-Example.app"; sourceTree = BUILT_PRODUCTS_DIR; };
		0D141ABA2235476F00CB6FF0 /* AppDelegate.swift */ = {isa = PBXFileReference; lastKnownFileType = sourcecode.swift; path = AppDelegate.swift; sourceTree = "<group>"; };
		0D141ABC2235476F00CB6FF0 /* GraphVC.swift */ = {isa = PBXFileReference; lastKnownFileType = sourcecode.swift; path = GraphVC.swift; sourceTree = "<group>"; };
		0D141ABF2235476F00CB6FF0 /* Base */ = {isa = PBXFileReference; lastKnownFileType = file.storyboard; name = Base; path = Base.lproj/Graph.storyboard; sourceTree = "<group>"; };
		0D141AC12235477100CB6FF0 /* Assets.xcassets */ = {isa = PBXFileReference; lastKnownFileType = folder.assetcatalog; path = Assets.xcassets; sourceTree = "<group>"; };
		0D141AC42235477100CB6FF0 /* Base */ = {isa = PBXFileReference; lastKnownFileType = file.storyboard; name = Base; path = Base.lproj/LaunchScreen.storyboard; sourceTree = "<group>"; };
		0D141AC62235477100CB6FF0 /* Info.plist */ = {isa = PBXFileReference; lastKnownFileType = text.plist.xml; path = Info.plist; sourceTree = "<group>"; };
		0D141ACB2235477100CB6FF0 /* APLineGraph-ExampleTests.xctest */ = {isa = PBXFileReference; explicitFileType = wrapper.cfbundle; includeInIndex = 0; path = "APLineGraph-ExampleTests.xctest"; sourceTree = BUILT_PRODUCTS_DIR; };
		0D141ACF2235477100CB6FF0 /* APLineGraph_ExampleTests.swift */ = {isa = PBXFileReference; lastKnownFileType = sourcecode.swift; path = APLineGraph_ExampleTests.swift; sourceTree = "<group>"; };
		0D141AD12235477100CB6FF0 /* Info.plist */ = {isa = PBXFileReference; lastKnownFileType = text.plist.xml; path = Info.plist; sourceTree = "<group>"; };
		0D141AD62235477100CB6FF0 /* APLineGraph-ExampleUITests.xctest */ = {isa = PBXFileReference; explicitFileType = wrapper.cfbundle; includeInIndex = 0; path = "APLineGraph-ExampleUITests.xctest"; sourceTree = BUILT_PRODUCTS_DIR; };
		0D141ADA2235477100CB6FF0 /* APLineGraph_ExampleUITests.swift */ = {isa = PBXFileReference; lastKnownFileType = sourcecode.swift; path = APLineGraph_ExampleUITests.swift; sourceTree = "<group>"; };
		0D141ADC2235477100CB6FF0 /* Info.plist */ = {isa = PBXFileReference; lastKnownFileType = text.plist.xml; path = Info.plist; sourceTree = "<group>"; };
		0DB88A0C223D8078002B9F7D /* GraphVerticalAxisRegionDivideMode.swift */ = {isa = PBXFileReference; lastKnownFileType = sourcecode.swift; path = GraphVerticalAxisRegionDivideMode.swift; sourceTree = "<group>"; };
		0DB88A0F223D8D4D002B9F7D /* GraphVerticalAxis.swift */ = {isa = PBXFileReference; lastKnownFileType = sourcecode.swift; path = GraphVerticalAxis.swift; sourceTree = "<group>"; };
		0DB88A11223D8D5A002B9F7D /* GraphHorizontalAxis.swift */ = {isa = PBXFileReference; lastKnownFileType = sourcecode.swift; path = GraphHorizontalAxis.swift; sourceTree = "<group>"; };
		0DB88A13223D90F4002B9F7D /* GraphMinMaxRange.swift */ = {isa = PBXFileReference; lastKnownFileType = sourcecode.swift; path = GraphMinMaxRange.swift; sourceTree = "<group>"; };
		0DB88A18223DAB46002B9F7D /* GraphSelection.storyboard */ = {isa = PBXFileReference; lastKnownFileType = file.storyboard; path = GraphSelection.storyboard; sourceTree = "<group>"; };
		0DB88A19223DAB46002B9F7D /* GraphSelectionCellVM.swift */ = {isa = PBXFileReference; lastKnownFileType = sourcecode.swift; path = GraphSelectionCellVM.swift; sourceTree = "<group>"; };
		0DB88A1A223DAB46002B9F7D /* GraphSelectionVM.swift */ = {isa = PBXFileReference; lastKnownFileType = sourcecode.swift; path = GraphSelectionVM.swift; sourceTree = "<group>"; };
		0DB88A1B223DAB46002B9F7D /* GraphSelectionCell.swift */ = {isa = PBXFileReference; lastKnownFileType = sourcecode.swift; path = GraphSelectionCell.swift; sourceTree = "<group>"; };
		0DB88A1C223DAB46002B9F7D /* GraphSelectionVC.swift */ = {isa = PBXFileReference; lastKnownFileType = sourcecode.swift; path = GraphSelectionVC.swift; sourceTree = "<group>"; };
		0DB88A1D223DAB46002B9F7D /* GraphSelectionCell.xib */ = {isa = PBXFileReference; lastKnownFileType = file.xib; path = GraphSelectionCell.xib; sourceTree = "<group>"; };
		0DB88A24223DADC3002B9F7D /* UITableView+Utils.swift */ = {isa = PBXFileReference; lastKnownFileType = sourcecode.swift; path = "UITableView+Utils.swift"; sourceTree = "<group>"; };
		0DB88A26223DB8F5002B9F7D /* NSLayoutConstraint+Utils.swift */ = {isa = PBXFileReference; lastKnownFileType = sourcecode.swift; path = "NSLayoutConstraint+Utils.swift"; sourceTree = "<group>"; };
		0DB88A29223DBA9B002B9F7D /* SelfResizableTableView.swift */ = {isa = PBXFileReference; fileEncoding = 4; lastKnownFileType = sourcecode.swift; path = SelfResizableTableView.swift; sourceTree = "<group>"; };
		0DB88A2B223DBCD1002B9F7D /* TableView.swift */ = {isa = PBXFileReference; fileEncoding = 4; lastKnownFileType = sourcecode.swift; path = TableView.swift; sourceTree = "<group>"; };
		0DB88A2C223DBCD1002B9F7D /* ScrollView.swift */ = {isa = PBXFileReference; fileEncoding = 4; lastKnownFileType = sourcecode.swift; path = ScrollView.swift; sourceTree = "<group>"; };
		0DB88A30223DBFD4002B9F7D /* GraphPlotSelectionCellVM.swift */ = {isa = PBXFileReference; lastKnownFileType = sourcecode.swift; path = GraphPlotSelectionCellVM.swift; sourceTree = "<group>"; };
		0DB88A32223DBFD4002B9F7D /* GraphPlotSelectionCell.swift */ = {isa = PBXFileReference; lastKnownFileType = sourcecode.swift; path = GraphPlotSelectionCell.swift; sourceTree = "<group>"; };
		0DB88A35223DBFD4002B9F7D /* GraphPlotSelectionCell.xib */ = {isa = PBXFileReference; lastKnownFileType = file.xib; path = GraphPlotSelectionCell.xib; sourceTree = "<group>"; };
		0DB88A3D223E6DEC002B9F7D /* GraphInspectionView.swift */ = {isa = PBXFileReference; lastKnownFileType = sourcecode.swift; path = GraphInspectionView.swift; sourceTree = "<group>"; };
		0DB88A3E223E6DEC002B9F7D /* GraphInspectionView.xib */ = {isa = PBXFileReference; lastKnownFileType = file.xib; path = GraphInspectionView.xib; sourceTree = "<group>"; };
		0DB88A41223E6E36002B9F7D /* Instantiatable.swift */ = {isa = PBXFileReference; lastKnownFileType = sourcecode.swift; path = Instantiatable.swift; sourceTree = "<group>"; };
		0DB88A45223E6E8C002B9F7D /* GraphInspectionVM.swift */ = {isa = PBXFileReference; lastKnownFileType = sourcecode.swift; path = GraphInspectionVM.swift; sourceTree = "<group>"; };
		0DB88A49223E72C2002B9F7D /* ClassName.swift */ = {isa = PBXFileReference; fileEncoding = 4; lastKnownFileType = sourcecode.swift; path = ClassName.swift; sourceTree = "<group>"; };
		0DB88A4B223E73E7002B9F7D /* ReuseController.swift */ = {isa = PBXFileReference; lastKnownFileType = sourcecode.swift; path = ReuseController.swift; sourceTree = "<group>"; };
		0DB88A4F223E9FBA002B9F7D /* AppearanceManager.swift */ = {isa = PBXFileReference; lastKnownFileType = sourcecode.swift; path = AppearanceManager.swift; sourceTree = "<group>"; };
		0DB88A52223E9FF6002B9F7D /* AppearanceManagerStyle.swift */ = {isa = PBXFileReference; lastKnownFileType = sourcecode.swift; path = AppearanceManagerStyle.swift; sourceTree = "<group>"; };
		0DB88A54223EA3D2002B9F7D /* UILabel+Style.swift */ = {isa = PBXFileReference; lastKnownFileType = sourcecode.swift; path = "UILabel+Style.swift"; sourceTree = "<group>"; };
		0DB88A57223EA994002B9F7D /* UIView+Style.swift */ = {isa = PBXFileReference; lastKnownFileType = sourcecode.swift; path = "UIView+Style.swift"; sourceTree = "<group>"; };
		0DB88A59223EA9C9002B9F7D /* UITableView+Style.swift */ = {isa = PBXFileReference; lastKnownFileType = sourcecode.swift; path = "UITableView+Style.swift"; sourceTree = "<group>"; };
		0DB88A5B223EACD6002B9F7D /* GraphConfiguration.swift */ = {isa = PBXFileReference; lastKnownFileType = sourcecode.swift; path = GraphConfiguration.swift; sourceTree = "<group>"; };
		0DB88A60223EAD59002B9F7D /* Assets.xcassets */ = {isa = PBXFileReference; lastKnownFileType = folder.assetcatalog; path = Assets.xcassets; sourceTree = "<group>"; };
		0DB88A62223EAE9E002B9F7D /* Bundle+Utils.swift */ = {isa = PBXFileReference; lastKnownFileType = sourcecode.swift; path = "Bundle+Utils.swift"; sourceTree = "<group>"; };
		0DB88A64223ECF00002B9F7D /* ValuesFormatter.swift */ = {isa = PBXFileReference; lastKnownFileType = sourcecode.swift; path = ValuesFormatter.swift; sourceTree = "<group>"; };
		0DB88A67223ECFEF002B9F7D /* ValuesFormatterStyle.swift */ = {isa = PBXFileReference; lastKnownFileType = sourcecode.swift; path = ValuesFormatterStyle.swift; sourceTree = "<group>"; };
		0DB88A6B22403EE8002B9F7D /* CGPoint+Utils.swift */ = {isa = PBXFileReference; lastKnownFileType = sourcecode.swift; path = "CGPoint+Utils.swift"; sourceTree = "<group>"; };
		0DB88A6D22405399002B9F7D /* CALayer+Utils.swift */ = {isa = PBXFileReference; lastKnownFileType = sourcecode.swift; path = "CALayer+Utils.swift"; sourceTree = "<group>"; };
		0DCE43C72237282600CB4929 /* RangeControlVM.swift */ = {isa = PBXFileReference; lastKnownFileType = sourcecode.swift; path = RangeControlVM.swift; sourceTree = "<group>"; };
		0DCE43C82237282600CB4929 /* RangeControlViewContentView.xib */ = {isa = PBXFileReference; lastKnownFileType = file.xib; path = RangeControlViewContentView.xib; sourceTree = "<group>"; };
		0DCE43C92237282600CB4929 /* RangeControlView.swift */ = {isa = PBXFileReference; lastKnownFileType = sourcecode.swift; path = RangeControlView.swift; sourceTree = "<group>"; };
		0DCE43CD22372E7E00CB4929 /* RangeControlViewAction.swift */ = {isa = PBXFileReference; lastKnownFileType = sourcecode.swift; path = RangeControlViewAction.swift; sourceTree = "<group>"; };
		0DCE43CF223734A200CB4929 /* CGFloat+Utils.swift */ = {isa = PBXFileReference; lastKnownFileType = sourcecode.swift; path = "CGFloat+Utils.swift"; sourceTree = "<group>"; };
		0DCE43D6223D2DCE00CB4929 /* GraphAxis.swift */ = {isa = PBXFileReference; lastKnownFileType = sourcecode.swift; path = GraphAxis.swift; sourceTree = "<group>"; };
		0DCE43DB223D3E0700CB4929 /* TimeZone+Utils.swift */ = {isa = PBXFileReference; fileEncoding = 4; lastKnownFileType = sourcecode.swift; path = "TimeZone+Utils.swift"; sourceTree = "<group>"; };
		0DCE43DD223D48CA00CB4929 /* String+Utils.swift */ = {isa = PBXFileReference; lastKnownFileType = sourcecode.swift; path = "String+Utils.swift"; sourceTree = "<group>"; };
		0DE2D75222354825007BD043 /* APLineGraph.h */ = {isa = PBXFileReference; lastKnownFileType = sourcecode.c.h; path = APLineGraph.h; sourceTree = "<group>"; };
		0DE2D75322354825007BD043 /* Info.plist */ = {isa = PBXFileReference; lastKnownFileType = text.plist.xml; path = Info.plist; sourceTree = "<group>"; };
		0DE2D75522354B86007BD043 /* Array+Utils.swift */ = {isa = PBXFileReference; lastKnownFileType = sourcecode.swift; path = "Array+Utils.swift"; sourceTree = "<group>"; };
		0DE2D75722354C2A007BD043 /* GraphPlotPoint.swift */ = {isa = PBXFileReference; lastKnownFileType = sourcecode.swift; path = GraphPlotPoint.swift; sourceTree = "<group>"; };
		0DE2D75922354DD1007BD043 /* Collection+Utils.swift */ = {isa = PBXFileReference; lastKnownFileType = sourcecode.swift; path = "Collection+Utils.swift"; sourceTree = "<group>"; };
		0DE2D75B22355256007BD043 /* chart_data.json */ = {isa = PBXFileReference; fileEncoding = 4; lastKnownFileType = text.json; path = chart_data.json; sourceTree = "<group>"; };
		0DE2D75F223552C0007BD043 /* DataSource.swift */ = {isa = PBXFileReference; lastKnownFileType = sourcecode.swift; path = DataSource.swift; sourceTree = "<group>"; };
		0DE2D76222355312007BD043 /* Constants.swift */ = {isa = PBXFileReference; lastKnownFileType = sourcecode.swift; path = Constants.swift; sourceTree = "<group>"; };
		0DE2D7642235546E007BD043 /* Data+Utils.swift */ = {isa = PBXFileReference; lastKnownFileType = sourcecode.swift; path = "Data+Utils.swift"; sourceTree = "<group>"; };
		0DE2D76622355515007BD043 /* GraphModel.swift */ = {isa = PBXFileReference; lastKnownFileType = sourcecode.swift; path = GraphModel.swift; sourceTree = "<group>"; };
		0DE2D768223555A2007BD043 /* JSONDecoder+Utils.swift */ = {isa = PBXFileReference; lastKnownFileType = sourcecode.swift; path = "JSONDecoder+Utils.swift"; sourceTree = "<group>"; };
		0DE2D76B223556A0007BD043 /* GraphVM.swift */ = {isa = PBXFileReference; lastKnownFileType = sourcecode.swift; path = GraphVM.swift; sourceTree = "<group>"; };
		0DE2D76F22355B07007BD043 /* ColumnEntry.swift */ = {isa = PBXFileReference; lastKnownFileType = sourcecode.swift; path = ColumnEntry.swift; sourceTree = "<group>"; };
		0DE2D77422355D40007BD043 /* GraphEntryType.swift */ = {isa = PBXFileReference; lastKnownFileType = sourcecode.swift; path = GraphEntryType.swift; sourceTree = "<group>"; };
		0DE2D77822355F1A007BD043 /* Dictionary+Utils.swift */ = {isa = PBXFileReference; lastKnownFileType = sourcecode.swift; path = "Dictionary+Utils.swift"; sourceTree = "<group>"; };
		0DE2D77B22355FCD007BD043 /* UIColor+Utils.swift */ = {isa = PBXFileReference; lastKnownFileType = sourcecode.swift; path = "UIColor+Utils.swift"; sourceTree = "<group>"; };
		0DE2D78322356685007BD043 /* Array+Utils.swift */ = {isa = PBXFileReference; lastKnownFileType = sourcecode.swift; path = "Array+Utils.swift"; sourceTree = "<group>"; };
		0DE2D7872235696C007BD043 /* GraphEntry.swift */ = {isa = PBXFileReference; lastKnownFileType = sourcecode.swift; path = GraphEntry.swift; sourceTree = "<group>"; };
		0DE2D78922357D31007BD043 /* Date+Utils.swift */ = {isa = PBXFileReference; lastKnownFileType = sourcecode.swift; path = "Date+Utils.swift"; sourceTree = "<group>"; };
		0DE2D78B2235920E007BD043 /* UIView+Utils.swift */ = {isa = PBXFileReference; lastKnownFileType = sourcecode.swift; path = "UIView+Utils.swift"; sourceTree = "<group>"; };
		0DE2D78D2235A2C4007BD043 /* Globals.swift */ = {isa = PBXFileReference; lastKnownFileType = sourcecode.swift; path = Globals.swift; sourceTree = "<group>"; };
		0DE2D78F2235B446007BD043 /* UIView+Utils.swift */ = {isa = PBXFileReference; lastKnownFileType = sourcecode.swift; path = "UIView+Utils.swift"; sourceTree = "<group>"; };
		0DE2D7932235BFCF007BD043 /* Constants.swift */ = {isa = PBXFileReference; lastKnownFileType = sourcecode.swift; path = Constants.swift; sourceTree = "<group>"; };
		0DE2D7952235C0A4007BD043 /* Double+Utils.swift */ = {isa = PBXFileReference; lastKnownFileType = sourcecode.swift; path = "Double+Utils.swift"; sourceTree = "<group>"; };
		0DE2D79B22370D50007BD043 /* CGFloat+Utils.swift */ = {isa = PBXFileReference; lastKnownFileType = sourcecode.swift; path = "CGFloat+Utils.swift"; sourceTree = "<group>"; };
		0DE2D79D22370EC7007BD043 /* GraphRelativeRange.swift */ = {isa = PBXFileReference; lastKnownFileType = sourcecode.swift; path = GraphRelativeRange.swift; sourceTree = "<group>"; };
		0DE2D79F22371A40007BD043 /* Int+Utils.swift */ = {isa = PBXFileReference; lastKnownFileType = sourcecode.swift; path = "Int+Utils.swift"; sourceTree = "<group>"; };
		0DE2D7A922372764007BD043 /* Instantiatable.swift */ = {isa = PBXFileReference; lastKnownFileType = sourcecode.swift; path = Instantiatable.swift; sourceTree = "<group>"; };
		0DE2D7AB2237278C007BD043 /* ClassName.swift */ = {isa = PBXFileReference; lastKnownFileType = sourcecode.swift; path = ClassName.swift; sourceTree = "<group>"; };
		27A65933230C2FF4F758F562 /* carthageUpdate.command */ = {isa = PBXFileReference; includeInIndex = 1; lastKnownFileType = text.script.sh; name = carthageUpdate.command; path = Scripts/Carthage/carthageUpdate.command; sourceTree = "<group>"; };
		722BFDE9DE58393B9D916719 /* carthageRemove.command */ = {isa = PBXFileReference; includeInIndex = 1; lastKnownFileType = text.script.sh; name = carthageRemove.command; path = Scripts/Carthage/carthageRemove.command; sourceTree = "<group>"; };
		75997ED1E9FAC56B9BEC3F0E /* carthageAdd.command */ = {isa = PBXFileReference; includeInIndex = 1; lastKnownFileType = text.script.sh; name = carthageAdd.command; path = Scripts/Carthage/carthageAdd.command; sourceTree = "<group>"; };
		E202681322117D03004CC28A /* APLineGraph.framework */ = {isa = PBXFileReference; explicitFileType = wrapper.framework; includeInIndex = 0; path = APLineGraph.framework; sourceTree = BUILT_PRODUCTS_DIR; };
/* End PBXFileReference section */

/* Begin PBXFrameworksBuildPhase section */
		0D141AB52235476F00CB6FF0 /* Frameworks */ = {
			isa = PBXFrameworksBuildPhase;
			buildActionMask = 2147483647;
			files = (
				0D141AE62235478B00CB6FF0 /* APLineGraph.framework in Frameworks */,
			);
			runOnlyForDeploymentPostprocessing = 0;
		};
		0D141AC82235477100CB6FF0 /* Frameworks */ = {
			isa = PBXFrameworksBuildPhase;
			buildActionMask = 2147483647;
			files = (
			);
			runOnlyForDeploymentPostprocessing = 0;
		};
		0D141AD32235477100CB6FF0 /* Frameworks */ = {
			isa = PBXFrameworksBuildPhase;
			buildActionMask = 2147483647;
			files = (
			);
			runOnlyForDeploymentPostprocessing = 0;
		};
		E202681022117D03004CC28A /* Frameworks */ = {
			isa = PBXFrameworksBuildPhase;
			buildActionMask = 2147483647;
			files = (
			);
			runOnlyForDeploymentPostprocessing = 0;
		};
/* End PBXFrameworksBuildPhase section */

/* Begin PBXGroup section */
		0D141AA52235400F00CB6FF0 /* _Classes */ = {
			isa = PBXGroup;
			children = (
				0DB88A66223ECFBC002B9F7D /* _Values Formatter */,
				0DE2D75D2235529C007BD043 /* _Graph */,
				0DB88A4B223E73E7002B9F7D /* ReuseController.swift */,
			);
			name = _Classes;
			path = ../APLineGraph/_Classes;
			sourceTree = SOURCE_ROOT;
		};
		0D141AB1223544D400CB6FF0 /* _Protocols */ = {
			isa = PBXGroup;
			children = (
				0DB88A49223E72C2002B9F7D /* ClassName.swift */,
				0DB88A41223E6E36002B9F7D /* Instantiatable.swift */,
			);
			path = _Protocols;
			sourceTree = "<group>";
		};
		0D141AB92235476F00CB6FF0 /* APLineGraph-Example */ = {
			isa = PBXGroup;
			children = (
				0DB88A28223DBA7A002B9F7D /* _Classes */,
				0DE2D75E223552A7007BD043 /* _DataSource */,
				0DE2D77A22355F25007BD043 /* _Extensions */,
				0DB88A4E223E9FA2002B9F7D /* _Managers */,
				0DE2D7A82237273E007BD043 /* _Protocols */,
				0DE2D76E223559DA007BD043 /* _Screens */,
				0DE2D761223552FC007BD043 /* _Utils */,
				0D141ABA2235476F00CB6FF0 /* AppDelegate.swift */,
				0D141AC12235477100CB6FF0 /* Assets.xcassets */,
				0D141AC62235477100CB6FF0 /* Info.plist */,
				0D141AC32235477100CB6FF0 /* LaunchScreen.storyboard */,
			);
			path = "APLineGraph-Example";
			sourceTree = "<group>";
		};
		0D141ACE2235477100CB6FF0 /* APLineGraph-ExampleTests */ = {
			isa = PBXGroup;
			children = (
				0D141ACF2235477100CB6FF0 /* APLineGraph_ExampleTests.swift */,
				0D141AD12235477100CB6FF0 /* Info.plist */,
			);
			path = "APLineGraph-ExampleTests";
			sourceTree = "<group>";
		};
		0D141AD92235477100CB6FF0 /* APLineGraph-ExampleUITests */ = {
			isa = PBXGroup;
			children = (
				0D141ADA2235477100CB6FF0 /* APLineGraph_ExampleUITests.swift */,
				0D141ADC2235477100CB6FF0 /* Info.plist */,
			);
			path = "APLineGraph-ExampleUITests";
			sourceTree = "<group>";
		};
		0DB88A0E223D8D36002B9F7D /* _Axis */ = {
			isa = PBXGroup;
			children = (
				0DCE43D6223D2DCE00CB4929 /* GraphAxis.swift */,
				0DB88A0C223D8078002B9F7D /* GraphVerticalAxisRegionDivideMode.swift */,
				0DB88A0F223D8D4D002B9F7D /* GraphVerticalAxis.swift */,
				0DB88A11223D8D5A002B9F7D /* GraphHorizontalAxis.swift */,
			);
			name = _Axis;
			path = Axis;
			sourceTree = "<group>";
		};
		0DB88A15223D9150002B9F7D /* _Range */ = {
			isa = PBXGroup;
			children = (
				0DB88A13223D90F4002B9F7D /* GraphMinMaxRange.swift */,
				0DE2D79D22370EC7007BD043 /* GraphRelativeRange.swift */,
			);
			path = _Range;
			sourceTree = "<group>";
		};
		0DB88A16223D9161002B9F7D /* _Plot */ = {
			isa = PBXGroup;
			children = (
				0D141AA82235409500CB6FF0 /* GraphPlot.swift */,
				0DE2D75722354C2A007BD043 /* GraphPlotPoint.swift */,
			);
			path = _Plot;
			sourceTree = "<group>";
		};
		0DB88A17223DAB2B002B9F7D /* _Graph Selection */ = {
			isa = PBXGroup;
			children = (
				0DB88A18223DAB46002B9F7D /* GraphSelection.storyboard */,
				0DB88A1B223DAB46002B9F7D /* GraphSelectionCell.swift */,
				0DB88A1D223DAB46002B9F7D /* GraphSelectionCell.xib */,
				0DB88A19223DAB46002B9F7D /* GraphSelectionCellVM.swift */,
				0DB88A1C223DAB46002B9F7D /* GraphSelectionVC.swift */,
				0DB88A1A223DAB46002B9F7D /* GraphSelectionVM.swift */,
			);
			path = "_Graph Selection";
			sourceTree = "<group>";
		};
		0DB88A28223DBA7A002B9F7D /* _Classes */ = {
			isa = PBXGroup;
			children = (
				0DB88A2C223DBCD1002B9F7D /* ScrollView.swift */,
				0DB88A2B223DBCD1002B9F7D /* TableView.swift */,
				0DB88A29223DBA9B002B9F7D /* SelfResizableTableView.swift */,
			);
			path = _Classes;
			sourceTree = "<group>";
		};
		0DB88A2F223DBFA0002B9F7D /* _Plot Selection */ = {
			isa = PBXGroup;
			children = (
				0DB88A32223DBFD4002B9F7D /* GraphPlotSelectionCell.swift */,
				0DB88A35223DBFD4002B9F7D /* GraphPlotSelectionCell.xib */,
				0DB88A30223DBFD4002B9F7D /* GraphPlotSelectionCellVM.swift */,
			);
			path = "_Plot Selection";
			sourceTree = "<group>";
		};
		0DB88A3C223E6DC4002B9F7D /* _Inspection */ = {
			isa = PBXGroup;
			children = (
				0DB88A3D223E6DEC002B9F7D /* GraphInspectionView.swift */,
				0DB88A3E223E6DEC002B9F7D /* GraphInspectionView.xib */,
				0DB88A45223E6E8C002B9F7D /* GraphInspectionVM.swift */,
			);
			path = _Inspection;
			sourceTree = "<group>";
		};
		0DB88A4E223E9FA2002B9F7D /* _Managers */ = {
			isa = PBXGroup;
			children = (
				0DB88A51223E9FBD002B9F7D /* _Appearance */,
			);
			path = _Managers;
			sourceTree = "<group>";
		};
		0DB88A51223E9FBD002B9F7D /* _Appearance */ = {
			isa = PBXGroup;
			children = (
				0DB88A4F223E9FBA002B9F7D /* AppearanceManager.swift */,
				0DB88A52223E9FF6002B9F7D /* AppearanceManagerStyle.swift */,
			);
			path = _Appearance;
			sourceTree = "<group>";
		};
		0DB88A56223EA982002B9F7D /* Style */ = {
			isa = PBXGroup;
			children = (
				0DB88A54223EA3D2002B9F7D /* UILabel+Style.swift */,
				0DB88A59223EA9C9002B9F7D /* UITableView+Style.swift */,
				0DB88A57223EA994002B9F7D /* UIView+Style.swift */,
			);
			path = Style;
			sourceTree = "<group>";
		};
		0DB88A5D223EACDC002B9F7D /* _Configuration */ = {
			isa = PBXGroup;
			children = (
				0DB88A5B223EACD6002B9F7D /* GraphConfiguration.swift */,
			);
			path = _Configuration;
			sourceTree = "<group>";
		};
		0DB88A66223ECFBC002B9F7D /* _Values Formatter */ = {
			isa = PBXGroup;
			children = (
				0DB88A64223ECF00002B9F7D /* ValuesFormatter.swift */,
				0DB88A67223ECFEF002B9F7D /* ValuesFormatterStyle.swift */,
			);
			path = "_Values Formatter";
			sourceTree = "<group>";
		};
		0DE2D75122354825007BD043 /* _Support Files */ = {
			isa = PBXGroup;
			children = (
				0DE2D75222354825007BD043 /* APLineGraph.h */,
				0DB88A60223EAD59002B9F7D /* Assets.xcassets */,
				0DE2D75322354825007BD043 /* Info.plist */,
			);
			name = "_Support Files";
			path = "APLineGraph/_Support Files";
			sourceTree = SOURCE_ROOT;
		};
		0DE2D75422354B73007BD043 /* _Extensions */ = {
			isa = PBXGroup;
			children = (
				0DE2D75522354B86007BD043 /* Array+Utils.swift */,
				0DB88A62223EAE9E002B9F7D /* Bundle+Utils.swift */,
				0DB88A6D22405399002B9F7D /* CALayer+Utils.swift */,
				0DE2D79B22370D50007BD043 /* CGFloat+Utils.swift */,
				0DB88A6B22403EE8002B9F7D /* CGPoint+Utils.swift */,
				0DE2D75922354DD1007BD043 /* Collection+Utils.swift */,
				0DE2D7952235C0A4007BD043 /* Double+Utils.swift */,
				0DE2D79F22371A40007BD043 /* Int+Utils.swift */,
				0DCE43DD223D48CA00CB4929 /* String+Utils.swift */,
				0DCE43DB223D3E0700CB4929 /* TimeZone+Utils.swift */,
				0DE2D78F2235B446007BD043 /* UIView+Utils.swift */,
			);
			path = _Extensions;
			sourceTree = "<group>";
		};
		0DE2D75D2235529C007BD043 /* _Graph */ = {
			isa = PBXGroup;
			children = (
				0DB88A0E223D8D36002B9F7D /* _Axis */,
				0DB88A5D223EACDC002B9F7D /* _Configuration */,
				0DB88A3C223E6DC4002B9F7D /* _Inspection */,
				0DB88A16223D9161002B9F7D /* _Plot */,
				0DB88A15223D9150002B9F7D /* _Range */,
				0D141AA62235408000CB6FF0 /* Graph.swift */,
			);
			path = _Graph;
			sourceTree = "<group>";
		};
		0DE2D75E223552A7007BD043 /* _DataSource */ = {
			isa = PBXGroup;
			children = (
				0DE2D76D2235593E007BD043 /* _Models */,
				0DE2D75B22355256007BD043 /* chart_data.json */,
				0DE2D75F223552C0007BD043 /* DataSource.swift */,
			);
			path = _DataSource;
			sourceTree = "<group>";
		};
		0DE2D761223552FC007BD043 /* _Utils */ = {
			isa = PBXGroup;
			children = (
				0DE2D76222355312007BD043 /* Constants.swift */,
				0DE2D78D2235A2C4007BD043 /* Globals.swift */,
			);
			path = _Utils;
			sourceTree = "<group>";
		};
		0DE2D76A22355671007BD043 /* _Graph */ = {
			isa = PBXGroup;
			children = (
				0DB88A2F223DBFA0002B9F7D /* _Plot Selection */,
				0DE2D7A5223726A5007BD043 /* _Range Control */,
				0D141ABE2235476F00CB6FF0 /* Graph.storyboard */,
				0D141ABC2235476F00CB6FF0 /* GraphVC.swift */,
				0DE2D76B223556A0007BD043 /* GraphVM.swift */,
			);
			path = _Graph;
			sourceTree = "<group>";
		};
		0DE2D76D2235593E007BD043 /* _Models */ = {
			isa = PBXGroup;
			children = (
				0DE2D76F22355B07007BD043 /* ColumnEntry.swift */,
				0DE2D76622355515007BD043 /* GraphModel.swift */,
				0DE2D7872235696C007BD043 /* GraphEntry.swift */,
				0DE2D77422355D40007BD043 /* GraphEntryType.swift */,
			);
			path = _Models;
			sourceTree = "<group>";
		};
		0DE2D76E223559DA007BD043 /* _Screens */ = {
			isa = PBXGroup;
			children = (
				0DB88A17223DAB2B002B9F7D /* _Graph Selection */,
				0DE2D76A22355671007BD043 /* _Graph */,
			);
			path = _Screens;
			sourceTree = "<group>";
		};
		0DE2D77A22355F25007BD043 /* _Extensions */ = {
			isa = PBXGroup;
			children = (
				0DB88A56223EA982002B9F7D /* Style */,
				0DE2D78322356685007BD043 /* Array+Utils.swift */,
				0DCE43CF223734A200CB4929 /* CGFloat+Utils.swift */,
				0DE2D7642235546E007BD043 /* Data+Utils.swift */,
				0DE2D78922357D31007BD043 /* Date+Utils.swift */,
				0DE2D77822355F1A007BD043 /* Dictionary+Utils.swift */,
				0DE2D768223555A2007BD043 /* JSONDecoder+Utils.swift */,
				0DB88A26223DB8F5002B9F7D /* NSLayoutConstraint+Utils.swift */,
				0DE2D77B22355FCD007BD043 /* UIColor+Utils.swift */,
				0DB88A24223DADC3002B9F7D /* UITableView+Utils.swift */,
				0DE2D78B2235920E007BD043 /* UIView+Utils.swift */,
			);
			path = _Extensions;
			sourceTree = "<group>";
		};
		0DE2D7922235BFBB007BD043 /* _Utils */ = {
			isa = PBXGroup;
			children = (
				0DE2D7932235BFCF007BD043 /* Constants.swift */,
			);
			path = _Utils;
			sourceTree = "<group>";
		};
		0DE2D7A5223726A5007BD043 /* _Range Control */ = {
			isa = PBXGroup;
			children = (
				0DCE43C92237282600CB4929 /* RangeControlView.swift */,
				0DCE43CD22372E7E00CB4929 /* RangeControlViewAction.swift */,
				0DCE43C82237282600CB4929 /* RangeControlViewContentView.xib */,
				0DCE43C72237282600CB4929 /* RangeControlVM.swift */,
			);
			path = "_Range Control";
			sourceTree = "<group>";
		};
		0DE2D7A82237273E007BD043 /* _Protocols */ = {
			isa = PBXGroup;
			children = (
				0DE2D7AB2237278C007BD043 /* ClassName.swift */,
				0DE2D7A922372764007BD043 /* Instantiatable.swift */,
			);
			path = _Protocols;
			sourceTree = "<group>";
		};
		1834AC72A69DC91E1F3B8EDA /* _Carthage */ = {
			isa = PBXGroup;
			children = (
				75997ED1E9FAC56B9BEC3F0E /* carthageAdd.command */,
				722BFDE9DE58393B9D916719 /* carthageRemove.command */,
				27A65933230C2FF4F758F562 /* carthageUpdate.command */,
			);
			name = _Carthage;
			sourceTree = "<group>";
		};
		E202680922117D03004CC28A = {
			isa = PBXGroup;
			children = (
				E202681522117D03004CC28A /* APLineGraph */,
				0D141AB92235476F00CB6FF0 /* APLineGraph-Example */,
				0D141ACE2235477100CB6FF0 /* APLineGraph-ExampleTests */,
				0D141AD92235477100CB6FF0 /* APLineGraph-ExampleUITests */,
				E202681422117D03004CC28A /* Products */,
				F1BD9B4AF93178888C20C526 /* Frameworks */,
			);
			sourceTree = "<group>";
		};
		E202681422117D03004CC28A /* Products */ = {
			isa = PBXGroup;
			children = (
				E202681322117D03004CC28A /* APLineGraph.framework */,
				0D141AB82235476F00CB6FF0 /* APLineGraph-Example.app */,
				0D141ACB2235477100CB6FF0 /* APLineGraph-ExampleTests.xctest */,
				0D141AD62235477100CB6FF0 /* APLineGraph-ExampleUITests.xctest */,
			);
			name = Products;
			sourceTree = "<group>";
		};
		E202681522117D03004CC28A /* APLineGraph */ = {
			isa = PBXGroup;
			children = (
				0D141AA52235400F00CB6FF0 /* _Classes */,
				0DE2D75422354B73007BD043 /* _Extensions */,
				0D141AB1223544D400CB6FF0 /* _Protocols */,
				0DE2D75122354825007BD043 /* _Support Files */,
				0DE2D7922235BFBB007BD043 /* _Utils */,
			);
			name = APLineGraph;
			path = ../APLineGraph;
			sourceTree = SOURCE_ROOT;
		};
		F1BD9B4AF93178888C20C526 /* Frameworks */ = {
			isa = PBXGroup;
			children = (
				1834AC72A69DC91E1F3B8EDA /* _Carthage */,
			);
			name = Frameworks;
			sourceTree = "<group>";
		};
/* End PBXGroup section */

/* Begin PBXHeadersBuildPhase section */
		E202680E22117D03004CC28A /* Headers */ = {
			isa = PBXHeadersBuildPhase;
			buildActionMask = 2147483647;
			files = (
			);
			runOnlyForDeploymentPostprocessing = 0;
		};
/* End PBXHeadersBuildPhase section */

/* Begin PBXNativeTarget section */
		0D141AB72235476F00CB6FF0 /* APLineGraph-Example */ = {
			isa = PBXNativeTarget;
			buildConfigurationList = 0D141ADD2235477100CB6FF0 /* Build configuration list for PBXNativeTarget "APLineGraph-Example" */;
			buildPhases = (
				0D141AB42235476F00CB6FF0 /* Sources */,
				0D141AB52235476F00CB6FF0 /* Frameworks */,
				0D141AB62235476F00CB6FF0 /* Resources */,
				0D141AEA2235478B00CB6FF0 /* Embed Frameworks */,
			);
			buildRules = (
			);
			dependencies = (
				0D141AE92235478B00CB6FF0 /* PBXTargetDependency */,
			);
			name = "APLineGraph-Example";
			productName = "APLineGraph-Example";
			productReference = 0D141AB82235476F00CB6FF0 /* APLineGraph-Example.app */;
			productType = "com.apple.product-type.application";
		};
		0D141ACA2235477100CB6FF0 /* APLineGraph-ExampleTests */ = {
			isa = PBXNativeTarget;
			buildConfigurationList = 0D141AE02235477100CB6FF0 /* Build configuration list for PBXNativeTarget "APLineGraph-ExampleTests" */;
			buildPhases = (
				0D141AC72235477100CB6FF0 /* Sources */,
				0D141AC82235477100CB6FF0 /* Frameworks */,
				0D141AC92235477100CB6FF0 /* Resources */,
			);
			buildRules = (
			);
			dependencies = (
				0D141ACD2235477100CB6FF0 /* PBXTargetDependency */,
			);
			name = "APLineGraph-ExampleTests";
			productName = "APLineGraph-ExampleTests";
			productReference = 0D141ACB2235477100CB6FF0 /* APLineGraph-ExampleTests.xctest */;
			productType = "com.apple.product-type.bundle.unit-test";
		};
		0D141AD52235477100CB6FF0 /* APLineGraph-ExampleUITests */ = {
			isa = PBXNativeTarget;
			buildConfigurationList = 0D141AE32235477100CB6FF0 /* Build configuration list for PBXNativeTarget "APLineGraph-ExampleUITests" */;
			buildPhases = (
				0D141AD22235477100CB6FF0 /* Sources */,
				0D141AD32235477100CB6FF0 /* Frameworks */,
				0D141AD42235477100CB6FF0 /* Resources */,
			);
			buildRules = (
			);
			dependencies = (
				0D141AD82235477100CB6FF0 /* PBXTargetDependency */,
			);
			name = "APLineGraph-ExampleUITests";
			productName = "APLineGraph-ExampleUITests";
			productReference = 0D141AD62235477100CB6FF0 /* APLineGraph-ExampleUITests.xctest */;
			productType = "com.apple.product-type.bundle.ui-testing";
		};
		E202681222117D03004CC28A /* APLineGraph */ = {
			isa = PBXNativeTarget;
			buildConfigurationList = E202681B22117D03004CC28A /* Build configuration list for PBXNativeTarget "APLineGraph" */;
			buildPhases = (
				E202680E22117D03004CC28A /* Headers */,
				E202680F22117D03004CC28A /* Sources */,
				E202681022117D03004CC28A /* Frameworks */,
				E202681122117D03004CC28A /* Resources */,
			);
			buildRules = (
			);
			dependencies = (
			);
			name = APLineGraph;
			productName = APLineGraph;
			productReference = E202681322117D03004CC28A /* APLineGraph.framework */;
			productType = "com.apple.product-type.framework";
		};
/* End PBXNativeTarget section */

/* Begin PBXProject section */
		E202680A22117D03004CC28A /* Project object */ = {
			isa = PBXProject;
			attributes = {
				LastSwiftUpdateCheck = 1010;
				LastUpgradeCheck = 1010;
				ORGANIZATIONNAME = "Anton Plebanovich";
				TargetAttributes = {
					0D141AB72235476F00CB6FF0 = {
						CreatedOnToolsVersion = 10.1;
					};
					0D141ACA2235477100CB6FF0 = {
						CreatedOnToolsVersion = 10.1;
						TestTargetID = 0D141AB72235476F00CB6FF0;
					};
					0D141AD52235477100CB6FF0 = {
						CreatedOnToolsVersion = 10.1;
						TestTargetID = 0D141AB72235476F00CB6FF0;
					};
					E202681222117D03004CC28A = {
						CreatedOnToolsVersion = 10.1;
						LastSwiftMigration = 1010;
					};
				};
			};
			buildConfigurationList = E202680D22117D03004CC28A /* Build configuration list for PBXProject "APLineGraph" */;
			compatibilityVersion = "Xcode 9.3";
			developmentRegion = en;
			hasScannedForEncodings = 0;
			knownRegions = (
				en,
				Base,
			);
			mainGroup = E202680922117D03004CC28A;
			productRefGroup = E202681422117D03004CC28A /* Products */;
			projectDirPath = "";
			projectRoot = "";
			targets = (
				E202681222117D03004CC28A /* APLineGraph */,
				0D141AB72235476F00CB6FF0 /* APLineGraph-Example */,
				0D141ACA2235477100CB6FF0 /* APLineGraph-ExampleTests */,
				0D141AD52235477100CB6FF0 /* APLineGraph-ExampleUITests */,
			);
		};
/* End PBXProject section */

/* Begin PBXResourcesBuildPhase section */
		0D141AB62235476F00CB6FF0 /* Resources */ = {
			isa = PBXResourcesBuildPhase;
			buildActionMask = 2147483647;
			files = (
				0D141AC52235477100CB6FF0 /* LaunchScreen.storyboard in Resources */,
				0D141AC22235477100CB6FF0 /* Assets.xcassets in Resources */,
				0DE2D77222355CED007BD043 /* chart_data.json in Resources */,
				0DB88A3B223DBFD4002B9F7D /* GraphPlotSelectionCell.xib in Resources */,
				0D141AC02235476F00CB6FF0 /* Graph.storyboard in Resources */,
				0DB88A1E223DAB46002B9F7D /* GraphSelection.storyboard in Resources */,
				0DB88A23223DAB46002B9F7D /* GraphSelectionCell.xib in Resources */,
				0DCE43CB2237282600CB4929 /* RangeControlViewContentView.xib in Resources */,
			);
			runOnlyForDeploymentPostprocessing = 0;
		};
		0D141AC92235477100CB6FF0 /* Resources */ = {
			isa = PBXResourcesBuildPhase;
			buildActionMask = 2147483647;
			files = (
			);
			runOnlyForDeploymentPostprocessing = 0;
		};
		0D141AD42235477100CB6FF0 /* Resources */ = {
			isa = PBXResourcesBuildPhase;
			buildActionMask = 2147483647;
			files = (
			);
			runOnlyForDeploymentPostprocessing = 0;
		};
		E202681122117D03004CC28A /* Resources */ = {
			isa = PBXResourcesBuildPhase;
			buildActionMask = 2147483647;
			files = (
				0DB88A61223EAD59002B9F7D /* Assets.xcassets in Resources */,
				0DB88A4D223E80D5002B9F7D /* GraphInspectionView.xib in Resources */,
			);
			runOnlyForDeploymentPostprocessing = 0;
		};
/* End PBXResourcesBuildPhase section */

/* Begin PBXSourcesBuildPhase section */
		0D141AB42235476F00CB6FF0 /* Sources */ = {
			isa = PBXSourcesBuildPhase;
			buildActionMask = 2147483647;
			files = (
				0DB88A1F223DAB46002B9F7D /* GraphSelectionCellVM.swift in Sources */,
				0DCE43CA2237282600CB4929 /* RangeControlVM.swift in Sources */,
				0DE2D77322355CF1007BD043 /* DataSource.swift in Sources */,
				0DB88A2A223DBA9B002B9F7D /* SelfResizableTableView.swift in Sources */,
				0DE2D7AA22372764007BD043 /* Instantiatable.swift in Sources */,
				0DE2D77022355B07007BD043 /* ColumnEntry.swift in Sources */,
				0DCE43CE22372E7E00CB4929 /* RangeControlViewAction.swift in Sources */,
				0DB88A53223E9FF6002B9F7D /* AppearanceManagerStyle.swift in Sources */,
				0DCE43CC2237282600CB4929 /* RangeControlView.swift in Sources */,
				0DE2D78C2235920E007BD043 /* UIView+Utils.swift in Sources */,
				0DE2D77F2235629C007BD043 /* Data+Utils.swift in Sources */,
				0DB88A21223DAB46002B9F7D /* GraphSelectionCell.swift in Sources */,
				0DB88A55223EA3D2002B9F7D /* UILabel+Style.swift in Sources */,
				0DCE43D0223734A200CB4929 /* CGFloat+Utils.swift in Sources */,
				0DB88A25223DADC3002B9F7D /* UITableView+Utils.swift in Sources */,
				0DB88A22223DAB46002B9F7D /* GraphSelectionVC.swift in Sources */,
				0DB88A50223E9FBA002B9F7D /* AppearanceManager.swift in Sources */,
				0DE2D78E2235A2C4007BD043 /* Globals.swift in Sources */,
				0D141ABD2235476F00CB6FF0 /* GraphVC.swift in Sources */,
				0DE2D78422356685007BD043 /* Array+Utils.swift in Sources */,
				0DE2D7882235696C007BD043 /* GraphEntry.swift in Sources */,
				0DE2D77522355D40007BD043 /* GraphEntryType.swift in Sources */,
				0DB88A36223DBFD4002B9F7D /* GraphPlotSelectionCellVM.swift in Sources */,
				0DB88A27223DB8F5002B9F7D /* NSLayoutConstraint+Utils.swift in Sources */,
				0DE2D781223562CE007BD043 /* JSONDecoder+Utils.swift in Sources */,
				0DB88A5A223EA9C9002B9F7D /* UITableView+Style.swift in Sources */,
				0DB88A2E223DBCD1002B9F7D /* ScrollView.swift in Sources */,
				0DE2D77D22356270007BD043 /* Constants.swift in Sources */,
				0DE2D77C22355FCD007BD043 /* UIColor+Utils.swift in Sources */,
				0DE2D78A22357D31007BD043 /* Date+Utils.swift in Sources */,
				0DE2D76C223556A0007BD043 /* GraphVM.swift in Sources */,
				0DE2D77122355CE7007BD043 /* GraphModel.swift in Sources */,
				0DB88A38223DBFD4002B9F7D /* GraphPlotSelectionCell.swift in Sources */,
				0DB88A20223DAB46002B9F7D /* GraphSelectionVM.swift in Sources */,
				0DB88A2D223DBCD1002B9F7D /* TableView.swift in Sources */,
				0D141ABB2235476F00CB6FF0 /* AppDelegate.swift in Sources */,
				0DE2D7AC2237278C007BD043 /* ClassName.swift in Sources */,
				0DB88A58223EA994002B9F7D /* UIView+Style.swift in Sources */,
				0DE2D7822235665A007BD043 /* Dictionary+Utils.swift in Sources */,
			);
			runOnlyForDeploymentPostprocessing = 0;
		};
		0D141AC72235477100CB6FF0 /* Sources */ = {
			isa = PBXSourcesBuildPhase;
			buildActionMask = 2147483647;
			files = (
				0D141AD02235477100CB6FF0 /* APLineGraph_ExampleTests.swift in Sources */,
			);
			runOnlyForDeploymentPostprocessing = 0;
		};
		0D141AD22235477100CB6FF0 /* Sources */ = {
			isa = PBXSourcesBuildPhase;
			buildActionMask = 2147483647;
			files = (
				0D141ADB2235477100CB6FF0 /* APLineGraph_ExampleUITests.swift in Sources */,
			);
			runOnlyForDeploymentPostprocessing = 0;
		};
		E202680F22117D03004CC28A /* Sources */ = {
			isa = PBXSourcesBuildPhase;
			buildActionMask = 2147483647;
			files = (
				0DB88A4C223E73E7002B9F7D /* ReuseController.swift in Sources */,
				0DB88A10223D8D4D002B9F7D /* GraphVerticalAxis.swift in Sources */,
				0DB88A43223E6E53002B9F7D /* GraphInspectionView.swift in Sources */,
				0DB88A42223E6E36002B9F7D /* Instantiatable.swift in Sources */,
				0DCE43DC223D3E0700CB4929 /* TimeZone+Utils.swift in Sources */,
				0DCE43D7223D2DCE00CB4929 /* GraphAxis.swift in Sources */,
				0DE2D7A022371A40007BD043 /* Int+Utils.swift in Sources */,
				0DE2D79C22370D50007BD043 /* CGFloat+Utils.swift in Sources */,
				0D141AA92235409500CB6FF0 /* GraphPlot.swift in Sources */,
				0DE2D7912235B44A007BD043 /* UIView+Utils.swift in Sources */,
				0D141AA72235408000CB6FF0 /* Graph.swift in Sources */,
				0DE2D79A2235C59B007BD043 /* Double+Utils.swift in Sources */,
				0DB88A14223D90F4002B9F7D /* GraphMinMaxRange.swift in Sources */,
				0DE2D79E22370EC7007BD043 /* GraphRelativeRange.swift in Sources */,
				0DB88A68223ECFEF002B9F7D /* ValuesFormatterStyle.swift in Sources */,
				0DE2D75622354B86007BD043 /* Array+Utils.swift in Sources */,
				0DE2D75822354C2A007BD043 /* GraphPlotPoint.swift in Sources */,
				0DE2D75A22354DD1007BD043 /* Collection+Utils.swift in Sources */,
				0DB88A65223ECF00002B9F7D /* ValuesFormatter.swift in Sources */,
				0DB88A6E22405399002B9F7D /* CALayer+Utils.swift in Sources */,
				0DCE43DE223D48CA00CB4929 /* String+Utils.swift in Sources */,
				0DE2D7942235BFEB007BD043 /* Constants.swift in Sources */,
				0DB88A46223E6E8C002B9F7D /* GraphInspectionVM.swift in Sources */,
				0DB88A63223EAE9E002B9F7D /* Bundle+Utils.swift in Sources */,
				0DB88A4A223E72C2002B9F7D /* ClassName.swift in Sources */,
				0DB88A5F223EAD05002B9F7D /* GraphConfiguration.swift in Sources */,
				0DB88A12223D8D5A002B9F7D /* GraphHorizontalAxis.swift in Sources */,
				0DB88A6C22403EE8002B9F7D /* CGPoint+Utils.swift in Sources */,
				0DB88A0D223D8078002B9F7D /* GraphVerticalAxisRegionDivideMode.swift in Sources */,
			);
			runOnlyForDeploymentPostprocessing = 0;
		};
/* End PBXSourcesBuildPhase section */

/* Begin PBXTargetDependency section */
		0D141ACD2235477100CB6FF0 /* PBXTargetDependency */ = {
			isa = PBXTargetDependency;
			target = 0D141AB72235476F00CB6FF0 /* APLineGraph-Example */;
			targetProxy = 0D141ACC2235477100CB6FF0 /* PBXContainerItemProxy */;
		};
		0D141AD82235477100CB6FF0 /* PBXTargetDependency */ = {
			isa = PBXTargetDependency;
			target = 0D141AB72235476F00CB6FF0 /* APLineGraph-Example */;
			targetProxy = 0D141AD72235477100CB6FF0 /* PBXContainerItemProxy */;
		};
		0D141AE92235478B00CB6FF0 /* PBXTargetDependency */ = {
			isa = PBXTargetDependency;
			target = E202681222117D03004CC28A /* APLineGraph */;
			targetProxy = 0D141AE82235478B00CB6FF0 /* PBXContainerItemProxy */;
		};
/* End PBXTargetDependency section */

/* Begin PBXVariantGroup section */
		0D141ABE2235476F00CB6FF0 /* Graph.storyboard */ = {
			isa = PBXVariantGroup;
			children = (
				0D141ABF2235476F00CB6FF0 /* Base */,
			);
			name = Graph.storyboard;
			sourceTree = "<group>";
		};
		0D141AC32235477100CB6FF0 /* LaunchScreen.storyboard */ = {
			isa = PBXVariantGroup;
			children = (
				0D141AC42235477100CB6FF0 /* Base */,
			);
			name = LaunchScreen.storyboard;
			sourceTree = "<group>";
		};
/* End PBXVariantGroup section */

/* Begin XCBuildConfiguration section */
		0D141ADE2235477100CB6FF0 /* Debug */ = {
			isa = XCBuildConfiguration;
			buildSettings = {
				ALWAYS_EMBED_SWIFT_STANDARD_LIBRARIES = YES;
				ASSETCATALOG_COMPILER_APPICON_NAME = AppIcon;
				CODE_SIGN_STYLE = Automatic;
				DEVELOPMENT_TEAM = UW54N2U6G5;
				INFOPLIST_FILE = "APLineGraph-Example/Info.plist";
				IPHONEOS_DEPLOYMENT_TARGET = 9.0;
				LD_RUNPATH_SEARCH_PATHS = (
					"$(inherited)",
					"@executable_path/Frameworks",
				);
				PRODUCT_BUNDLE_IDENTIFIER = "com.anton-plebanovich.APLineGraph";
				PRODUCT_NAME = "$(TARGET_NAME)";
				SWIFT_VERSION = 4.2;
				TARGETED_DEVICE_FAMILY = "1,2";
			};
			name = Debug;
		};
		0D141ADF2235477100CB6FF0 /* Release */ = {
			isa = XCBuildConfiguration;
			buildSettings = {
				ALWAYS_EMBED_SWIFT_STANDARD_LIBRARIES = YES;
				ASSETCATALOG_COMPILER_APPICON_NAME = AppIcon;
				CODE_SIGN_STYLE = Automatic;
				DEVELOPMENT_TEAM = UW54N2U6G5;
				INFOPLIST_FILE = "APLineGraph-Example/Info.plist";
				IPHONEOS_DEPLOYMENT_TARGET = 9.0;
				LD_RUNPATH_SEARCH_PATHS = (
					"$(inherited)",
					"@executable_path/Frameworks",
				);
				PRODUCT_BUNDLE_IDENTIFIER = "com.anton-plebanovich.APLineGraph";
				PRODUCT_NAME = "$(TARGET_NAME)";
				SWIFT_VERSION = 4.2;
				TARGETED_DEVICE_FAMILY = "1,2";
			};
			name = Release;
		};
		0D141AE12235477100CB6FF0 /* Debug */ = {
			isa = XCBuildConfiguration;
			buildSettings = {
				ALWAYS_EMBED_SWIFT_STANDARD_LIBRARIES = YES;
				BUNDLE_LOADER = "$(TEST_HOST)";
				CODE_SIGN_STYLE = Automatic;
				DEVELOPMENT_TEAM = UW54N2U6G5;
				INFOPLIST_FILE = "APLineGraph-ExampleTests/Info.plist";
				LD_RUNPATH_SEARCH_PATHS = (
					"$(inherited)",
					"@executable_path/Frameworks",
					"@loader_path/Frameworks",
				);
				PRODUCT_BUNDLE_IDENTIFIER = "com.anton-plebanovich.APLineGraph-ExampleTests";
				PRODUCT_NAME = "$(TARGET_NAME)";
				SWIFT_VERSION = 4.2;
				TARGETED_DEVICE_FAMILY = "1,2";
				TEST_HOST = "$(BUILT_PRODUCTS_DIR)/APLineGraph-Example.app/APLineGraph-Example";
			};
			name = Debug;
		};
		0D141AE22235477100CB6FF0 /* Release */ = {
			isa = XCBuildConfiguration;
			buildSettings = {
				ALWAYS_EMBED_SWIFT_STANDARD_LIBRARIES = YES;
				BUNDLE_LOADER = "$(TEST_HOST)";
				CODE_SIGN_STYLE = Automatic;
				DEVELOPMENT_TEAM = UW54N2U6G5;
				INFOPLIST_FILE = "APLineGraph-ExampleTests/Info.plist";
				LD_RUNPATH_SEARCH_PATHS = (
					"$(inherited)",
					"@executable_path/Frameworks",
					"@loader_path/Frameworks",
				);
				PRODUCT_BUNDLE_IDENTIFIER = "com.anton-plebanovich.APLineGraph-ExampleTests";
				PRODUCT_NAME = "$(TARGET_NAME)";
				SWIFT_VERSION = 4.2;
				TARGETED_DEVICE_FAMILY = "1,2";
				TEST_HOST = "$(BUILT_PRODUCTS_DIR)/APLineGraph-Example.app/APLineGraph-Example";
			};
			name = Release;
		};
		0D141AE42235477100CB6FF0 /* Debug */ = {
			isa = XCBuildConfiguration;
			buildSettings = {
				ALWAYS_EMBED_SWIFT_STANDARD_LIBRARIES = YES;
				CODE_SIGN_STYLE = Automatic;
				DEVELOPMENT_TEAM = UW54N2U6G5;
				INFOPLIST_FILE = "APLineGraph-ExampleUITests/Info.plist";
				LD_RUNPATH_SEARCH_PATHS = (
					"$(inherited)",
					"@executable_path/Frameworks",
					"@loader_path/Frameworks",
				);
				PRODUCT_BUNDLE_IDENTIFIER = "com.anton-plebanovich.APLineGraph-ExampleUITests";
				PRODUCT_NAME = "$(TARGET_NAME)";
				SWIFT_VERSION = 4.2;
				TARGETED_DEVICE_FAMILY = "1,2";
				TEST_TARGET_NAME = "APLineGraph-Example";
			};
			name = Debug;
		};
		0D141AE52235477100CB6FF0 /* Release */ = {
			isa = XCBuildConfiguration;
			buildSettings = {
				ALWAYS_EMBED_SWIFT_STANDARD_LIBRARIES = YES;
				CODE_SIGN_STYLE = Automatic;
				DEVELOPMENT_TEAM = UW54N2U6G5;
				INFOPLIST_FILE = "APLineGraph-ExampleUITests/Info.plist";
				LD_RUNPATH_SEARCH_PATHS = (
					"$(inherited)",
					"@executable_path/Frameworks",
					"@loader_path/Frameworks",
				);
				PRODUCT_BUNDLE_IDENTIFIER = "com.anton-plebanovich.APLineGraph-ExampleUITests";
				PRODUCT_NAME = "$(TARGET_NAME)";
				SWIFT_VERSION = 4.2;
				TARGETED_DEVICE_FAMILY = "1,2";
				TEST_TARGET_NAME = "APLineGraph-Example";
			};
			name = Release;
		};
		E202681922117D03004CC28A /* Debug */ = {
			isa = XCBuildConfiguration;
			buildSettings = {
				ALWAYS_SEARCH_USER_PATHS = NO;
				CLANG_ANALYZER_NONNULL = YES;
				CLANG_ANALYZER_NUMBER_OBJECT_CONVERSION = YES_AGGRESSIVE;
				CLANG_CXX_LANGUAGE_STANDARD = "gnu++14";
				CLANG_CXX_LIBRARY = "libc++";
				CLANG_ENABLE_MODULES = YES;
				CLANG_ENABLE_OBJC_ARC = YES;
				CLANG_ENABLE_OBJC_WEAK = YES;
				CLANG_WARN_BLOCK_CAPTURE_AUTORELEASING = YES;
				CLANG_WARN_BOOL_CONVERSION = YES;
				CLANG_WARN_COMMA = YES;
				CLANG_WARN_CONSTANT_CONVERSION = YES;
				CLANG_WARN_DEPRECATED_OBJC_IMPLEMENTATIONS = YES;
				CLANG_WARN_DIRECT_OBJC_ISA_USAGE = YES_ERROR;
				CLANG_WARN_DOCUMENTATION_COMMENTS = YES;
				CLANG_WARN_EMPTY_BODY = YES;
				CLANG_WARN_ENUM_CONVERSION = YES;
				CLANG_WARN_INFINITE_RECURSION = YES;
				CLANG_WARN_INT_CONVERSION = YES;
				CLANG_WARN_NON_LITERAL_NULL_CONVERSION = YES;
				CLANG_WARN_OBJC_IMPLICIT_RETAIN_SELF = YES;
				CLANG_WARN_OBJC_LITERAL_CONVERSION = YES;
				CLANG_WARN_OBJC_ROOT_CLASS = YES_ERROR;
				CLANG_WARN_RANGE_LOOP_ANALYSIS = YES;
				CLANG_WARN_STRICT_PROTOTYPES = YES;
				CLANG_WARN_SUSPICIOUS_MOVE = YES;
				CLANG_WARN_UNGUARDED_AVAILABILITY = YES_AGGRESSIVE;
				CLANG_WARN_UNREACHABLE_CODE = YES;
				CLANG_WARN__DUPLICATE_METHOD_MATCH = YES;
				CODE_SIGN_IDENTITY = "iPhone Developer";
				COPY_PHASE_STRIP = NO;
				CURRENT_PROJECT_VERSION = 1;
				DEBUG_INFORMATION_FORMAT = dwarf;
				ENABLE_STRICT_OBJC_MSGSEND = YES;
				ENABLE_TESTABILITY = YES;
				GCC_C_LANGUAGE_STANDARD = gnu11;
				GCC_DYNAMIC_NO_PIC = NO;
				GCC_NO_COMMON_BLOCKS = YES;
				GCC_OPTIMIZATION_LEVEL = 0;
				GCC_PREPROCESSOR_DEFINITIONS = (
					"DEBUG=1",
					"$(inherited)",
				);
				GCC_WARN_64_TO_32_BIT_CONVERSION = YES;
				GCC_WARN_ABOUT_RETURN_TYPE = YES_ERROR;
				GCC_WARN_UNDECLARED_SELECTOR = YES;
				GCC_WARN_UNINITIALIZED_AUTOS = YES_AGGRESSIVE;
				GCC_WARN_UNUSED_FUNCTION = YES;
				GCC_WARN_UNUSED_VARIABLE = YES;
				IPHONEOS_DEPLOYMENT_TARGET = 12.1;
				MTL_ENABLE_DEBUG_INFO = INCLUDE_SOURCE;
				MTL_FAST_MATH = YES;
				ONLY_ACTIVE_ARCH = YES;
				SDKROOT = iphoneos;
				SWIFT_ACTIVE_COMPILATION_CONDITIONS = DEBUG;
				SWIFT_OPTIMIZATION_LEVEL = "-Onone";
				VERSIONING_SYSTEM = "apple-generic";
				VERSION_INFO_PREFIX = "";
			};
			name = Debug;
		};
		E202681A22117D03004CC28A /* Release */ = {
			isa = XCBuildConfiguration;
			buildSettings = {
				ALWAYS_SEARCH_USER_PATHS = NO;
				CLANG_ANALYZER_NONNULL = YES;
				CLANG_ANALYZER_NUMBER_OBJECT_CONVERSION = YES_AGGRESSIVE;
				CLANG_CXX_LANGUAGE_STANDARD = "gnu++14";
				CLANG_CXX_LIBRARY = "libc++";
				CLANG_ENABLE_MODULES = YES;
				CLANG_ENABLE_OBJC_ARC = YES;
				CLANG_ENABLE_OBJC_WEAK = YES;
				CLANG_WARN_BLOCK_CAPTURE_AUTORELEASING = YES;
				CLANG_WARN_BOOL_CONVERSION = YES;
				CLANG_WARN_COMMA = YES;
				CLANG_WARN_CONSTANT_CONVERSION = YES;
				CLANG_WARN_DEPRECATED_OBJC_IMPLEMENTATIONS = YES;
				CLANG_WARN_DIRECT_OBJC_ISA_USAGE = YES_ERROR;
				CLANG_WARN_DOCUMENTATION_COMMENTS = YES;
				CLANG_WARN_EMPTY_BODY = YES;
				CLANG_WARN_ENUM_CONVERSION = YES;
				CLANG_WARN_INFINITE_RECURSION = YES;
				CLANG_WARN_INT_CONVERSION = YES;
				CLANG_WARN_NON_LITERAL_NULL_CONVERSION = YES;
				CLANG_WARN_OBJC_IMPLICIT_RETAIN_SELF = YES;
				CLANG_WARN_OBJC_LITERAL_CONVERSION = YES;
				CLANG_WARN_OBJC_ROOT_CLASS = YES_ERROR;
				CLANG_WARN_RANGE_LOOP_ANALYSIS = YES;
				CLANG_WARN_STRICT_PROTOTYPES = YES;
				CLANG_WARN_SUSPICIOUS_MOVE = YES;
				CLANG_WARN_UNGUARDED_AVAILABILITY = YES_AGGRESSIVE;
				CLANG_WARN_UNREACHABLE_CODE = YES;
				CLANG_WARN__DUPLICATE_METHOD_MATCH = YES;
				CODE_SIGN_IDENTITY = "iPhone Developer";
				COPY_PHASE_STRIP = NO;
				CURRENT_PROJECT_VERSION = 1;
				DEBUG_INFORMATION_FORMAT = "dwarf-with-dsym";
				ENABLE_NS_ASSERTIONS = NO;
				ENABLE_STRICT_OBJC_MSGSEND = YES;
				GCC_C_LANGUAGE_STANDARD = gnu11;
				GCC_NO_COMMON_BLOCKS = YES;
				GCC_WARN_64_TO_32_BIT_CONVERSION = YES;
				GCC_WARN_ABOUT_RETURN_TYPE = YES_ERROR;
				GCC_WARN_UNDECLARED_SELECTOR = YES;
				GCC_WARN_UNINITIALIZED_AUTOS = YES_AGGRESSIVE;
				GCC_WARN_UNUSED_FUNCTION = YES;
				GCC_WARN_UNUSED_VARIABLE = YES;
				IPHONEOS_DEPLOYMENT_TARGET = 12.1;
				MTL_ENABLE_DEBUG_INFO = NO;
				MTL_FAST_MATH = YES;
				SDKROOT = iphoneos;
				SWIFT_COMPILATION_MODE = wholemodule;
				SWIFT_OPTIMIZATION_LEVEL = "-O";
				VALIDATE_PRODUCT = YES;
				VERSIONING_SYSTEM = "apple-generic";
				VERSION_INFO_PREFIX = "";
			};
			name = Release;
		};
		E202681C22117D03004CC28A /* Debug */ = {
			isa = XCBuildConfiguration;
			buildSettings = {
				CLANG_ENABLE_MODULES = YES;
				CODE_SIGN_IDENTITY = "";
				CODE_SIGN_STYLE = Manual;
				DEFINES_MODULE = YES;
				DEVELOPMENT_TEAM = "";
				DYLIB_COMPATIBILITY_VERSION = 1;
				DYLIB_CURRENT_VERSION = 1;
				DYLIB_INSTALL_NAME_BASE = "@rpath";
				FRAMEWORK_SEARCH_PATHS = "$(inherited)";
				INFOPLIST_FILE = "APLineGraph/_Support Files/Info.plist";
				INSTALL_PATH = "$(LOCAL_LIBRARY_DIR)/Frameworks";
				IPHONEOS_DEPLOYMENT_TARGET = 9.0;
				LD_RUNPATH_SEARCH_PATHS = (
					"$(inherited)",
					"@executable_path/Frameworks",
					"@loader_path/Frameworks",
				);
				PRODUCT_BUNDLE_IDENTIFIER = "com.anton-plebanovich.APLineGraph";
				PRODUCT_NAME = "$(TARGET_NAME:c99extidentifier)";
				PROVISIONING_PROFILE_SPECIFIER = "";
				SKIP_INSTALL = YES;
				SWIFT_OPTIMIZATION_LEVEL = "-Onone";
				SWIFT_VERSION = 4.2;
				TARGETED_DEVICE_FAMILY = "1,2";
			};
			name = Debug;
		};
		E202681D22117D03004CC28A /* Release */ = {
			isa = XCBuildConfiguration;
			buildSettings = {
				CLANG_ENABLE_MODULES = YES;
				CODE_SIGN_IDENTITY = "";
				CODE_SIGN_STYLE = Manual;
				DEFINES_MODULE = YES;
				DEVELOPMENT_TEAM = "";
				DYLIB_COMPATIBILITY_VERSION = 1;
				DYLIB_CURRENT_VERSION = 1;
				DYLIB_INSTALL_NAME_BASE = "@rpath";
				FRAMEWORK_SEARCH_PATHS = "$(inherited)";
				INFOPLIST_FILE = "APLineGraph/_Support Files/Info.plist";
				INSTALL_PATH = "$(LOCAL_LIBRARY_DIR)/Frameworks";
				IPHONEOS_DEPLOYMENT_TARGET = 9.0;
				LD_RUNPATH_SEARCH_PATHS = (
					"$(inherited)",
					"@executable_path/Frameworks",
					"@loader_path/Frameworks",
				);
				PRODUCT_BUNDLE_IDENTIFIER = "com.anton-plebanovich.APLineGraph";
				PRODUCT_NAME = "$(TARGET_NAME:c99extidentifier)";
				PROVISIONING_PROFILE_SPECIFIER = "";
				SKIP_INSTALL = YES;
				SWIFT_VERSION = 4.2;
				TARGETED_DEVICE_FAMILY = "1,2";
			};
			name = Release;
		};
/* End XCBuildConfiguration section */

/* Begin XCConfigurationList section */
		0D141ADD2235477100CB6FF0 /* Build configuration list for PBXNativeTarget "APLineGraph-Example" */ = {
			isa = XCConfigurationList;
			buildConfigurations = (
				0D141ADE2235477100CB6FF0 /* Debug */,
				0D141ADF2235477100CB6FF0 /* Release */,
			);
			defaultConfigurationIsVisible = 0;
			defaultConfigurationName = Release;
		};
		0D141AE02235477100CB6FF0 /* Build configuration list for PBXNativeTarget "APLineGraph-ExampleTests" */ = {
			isa = XCConfigurationList;
			buildConfigurations = (
				0D141AE12235477100CB6FF0 /* Debug */,
				0D141AE22235477100CB6FF0 /* Release */,
			);
			defaultConfigurationIsVisible = 0;
			defaultConfigurationName = Release;
		};
		0D141AE32235477100CB6FF0 /* Build configuration list for PBXNativeTarget "APLineGraph-ExampleUITests" */ = {
			isa = XCConfigurationList;
			buildConfigurations = (
				0D141AE42235477100CB6FF0 /* Debug */,
				0D141AE52235477100CB6FF0 /* Release */,
			);
			defaultConfigurationIsVisible = 0;
			defaultConfigurationName = Release;
		};
		E202680D22117D03004CC28A /* Build configuration list for PBXProject "APLineGraph" */ = {
			isa = XCConfigurationList;
			buildConfigurations = (
				E202681922117D03004CC28A /* Debug */,
				E202681A22117D03004CC28A /* Release */,
			);
			defaultConfigurationIsVisible = 0;
			defaultConfigurationName = Release;
		};
		E202681B22117D03004CC28A /* Build configuration list for PBXNativeTarget "APLineGraph" */ = {
			isa = XCConfigurationList;
			buildConfigurations = (
				E202681C22117D03004CC28A /* Debug */,
				E202681D22117D03004CC28A /* Release */,
			);
			defaultConfigurationIsVisible = 0;
			defaultConfigurationName = Release;
		};
/* End XCConfigurationList section */
	};
	rootObject = E202680A22117D03004CC28A /* Project object */;
}
